
Microsoft Visual Studio Solution File, Format Version 12.00
# Visual Studio 2013
VisualStudioVersion = 12.0.21005.1
MinimumVisualStudioVersion = 10.0.40219.1
Project("{FAE04EC0-301F-11D3-BF4B-00C04F79EFBC}") = "Mapper21.Site", "Mapper21.Site\Mapper21.Site.csproj", "{EEE4C528-961E-4A13-A554-BB1A031641CE}"
EndProject
Project("{FAE04EC0-301F-11D3-BF4B-00C04F79EFBC}") = "Mapper21.Domain", "Mapper21.Domain\Mapper21.Domain.csproj", "{F80F2B22-AECF-48A8-B547-7BC1DB343C4C}"
EndProject
Project("{FAE04EC0-301F-11D3-BF4B-00C04F79EFBC}") = "Mapper21.Data", "Mapper21.Data\Mapper21.Data.csproj", "{F4F0E122-29B3-44B2-8074-C08345CB2C96}"
EndProject
Global
	GlobalSection(SolutionConfigurationPlatforms) = preSolution
		Debug|Any CPU = Debug|Any CPU
		Release|Any CPU = Release|Any CPU
	EndGlobalSection
	GlobalSection(ProjectConfigurationPlatforms) = postSolution
		{EEE4C528-961E-4A13-A554-BB1A031641CE}.Debug|Any CPU.ActiveCfg = Debug|Any CPU
		{EEE4C528-961E-4A13-A554-BB1A031641CE}.Debug|Any CPU.Build.0 = Debug|Any CPU
		{EEE4C528-961E-4A13-A554-BB1A031641CE}.Release|Any CPU.ActiveCfg = Release|Any CPU
		{EEE4C528-961E-4A13-A554-BB1A031641CE}.Release|Any CPU.Build.0 = Release|Any CPU
		{F80F2B22-AECF-48A8-B547-7BC1DB343C4C}.Debug|Any CPU.ActiveCfg = Debug|Any CPU
		{F80F2B22-AECF-48A8-B547-7BC1DB343C4C}.Debug|Any CPU.Build.0 = Debug|Any CPU
		{F80F2B22-AECF-48A8-B547-7BC1DB343C4C}.Release|Any CPU.ActiveCfg = Release|Any CPU
		{F80F2B22-AECF-48A8-B547-7BC1DB343C4C}.Release|Any CPU.Build.0 = Release|Any CPU
		{F4F0E122-29B3-44B2-8074-C08345CB2C96}.Debug|Any CPU.ActiveCfg = Debug|Any CPU
		{F4F0E122-29B3-44B2-8074-C08345CB2C96}.Debug|Any CPU.Build.0 = Debug|Any CPU
		{F4F0E122-29B3-44B2-8074-C08345CB2C96}.Release|Any CPU.ActiveCfg = Release|Any CPU
		{F4F0E122-29B3-44B2-8074-C08345CB2C96}.Release|Any CPU.Build.0 = Release|Any CPU
	EndGlobalSection
	GlobalSection(SolutionProperties) = preSolution
		HideSolutionNode = FALSE
	EndGlobalSection
EndGlobal
